
Microsoft Visual Studio Solution File, Format Version 12.00
# Visual Studio Version 16
VisualStudioVersion = 16.0.31019.35
MinimumVisualStudioVersion = 10.0.40219.1
Project("{8BC9CEB8-8B4A-11D0-8D11-00A0C91BC942}") = "BoilerPlate", "BoilerPlate.vcxproj", "{6CAB1B3D-F996-42B7-814E-6CCDC671D1AB}"
EndProject
Global
	GlobalSection(SolutionConfigurationPlatforms) = preSolution
		Debug|x64 = Debug|x64
		Debug|x86 = Debug|x86
		Release|x64 = Release|x64
		Release|x86 = Release|x86
	EndGlobalSection
	GlobalSection(ProjectConfigurationPlatforms) = postSolution
		{6CAB1B3D-F996-42B7-814E-6CCDC671D1AB}.Debug|x64.ActiveCfg = Debug|x64
		{6CAB1B3D-F996-42B7-814E-6CCDC671D1AB}.Debug|x64.Build.0 = Debug|x64
		{6CAB1B3D-F996-42B7-814E-6CCDC671D1AB}.Debug|x86.ActiveCfg = Debug|Win32
		{6CAB1B3D-F996-42B7-814E-6CCDC671D1AB}.Debug|x86.Build.0 = Debug|Win32
		{6CAB1B3D-F996-42B7-814E-6CCDC671D1AB}.Release|x64.ActiveCfg = Release|x64
		{6CAB1B3D-F996-42B7-814E-6CCDC671D1AB}.Release|x64.Build.0 = Release|x64
		{6CAB1B3D-F996-42B7-814E-6CCDC671D1AB}.Release|x86.ActiveCfg = Release|Win32
		{6CAB1B3D-F996-42B7-814E-6CCDC671D1AB}.Release|x86.Build.0 = Release|Win32
	EndGlobalSection
	GlobalSection(SolutionProperties) = preSolution
		HideSolutionNode = FALSE
	EndGlobalSection
	GlobalSection(ExtensibilityGlobals) = postSolution
		SolutionGuid = {E3AF874D-8EA3-4A3E-9BD8-2843F2BF6F4C}
	EndGlobalSection
EndGlobal
